
Microsoft Visual Studio Solution File, Format Version 12.00
# Visual Studio 15
VisualStudioVersion = 15.0.26730.12
MinimumVisualStudioVersion = 10.0.40219.1
Project("{FAE04EC0-301F-11D3-BF4B-00C04F79EFBC}") = "tEST", "tEST\tEST.csproj", "{2783AF7B-EF81-4387-B816-8F2B14AB1691}"
EndProject
Global
	GlobalSection(SolutionConfigurationPlatforms) = preSolution
		Debug|Any CPU = Debug|Any CPU
		Release|Any CPU = Release|Any CPU
	EndGlobalSection
	GlobalSection(ProjectConfigurationPlatforms) = postSolution
		{2783AF7B-EF81-4387-B816-8F2B14AB1691}.Debug|Any CPU.ActiveCfg = Debug|Any CPU
		{2783AF7B-EF81-4387-B816-8F2B14AB1691}.Debug|Any CPU.Build.0 = Debug|Any CPU
		{2783AF7B-EF81-4387-B816-8F2B14AB1691}.Release|Any CPU.ActiveCfg = Release|Any CPU
		{2783AF7B-EF81-4387-B816-8F2B14AB1691}.Release|Any CPU.Build.0 = Release|Any CPU
	EndGlobalSection
	GlobalSection(SolutionProperties) = preSolution
		HideSolutionNode = FALSE
	EndGlobalSection
	GlobalSection(ExtensibilityGlobals) = postSolution
		SolutionGuid = {ED2F0BAD-EB6E-4F8C-AF3F-30B0E4FCC928}
	EndGlobalSection
EndGlobal
